
Microsoft Visual Studio Solution File, Format Version 12.00
# Visual Studio Version 17
VisualStudioVersion = 17.7.34221.43
MinimumVisualStudioVersion = 10.0.40219.1
Project("{FAE04EC0-301F-11D3-BF4B-00C04F79EFBC}") = "AssessProject", "AssessProject\AssessProject.csproj", "{77271D2C-DFFE-4D98-A7EB-2C8194ED1327}"
EndProject
Global
	GlobalSection(SolutionConfigurationPlatforms) = preSolution
		Debug|Any CPU = Debug|Any CPU
		Release|Any CPU = Release|Any CPU
	EndGlobalSection
	GlobalSection(ProjectConfigurationPlatforms) = postSolution
		{77271D2C-DFFE-4D98-A7EB-2C8194ED1327}.Debug|Any CPU.ActiveCfg = Debug|Any CPU
		{77271D2C-DFFE-4D98-A7EB-2C8194ED1327}.Debug|Any CPU.Build.0 = Debug|Any CPU
		{77271D2C-DFFE-4D98-A7EB-2C8194ED1327}.Release|Any CPU.ActiveCfg = Release|Any CPU
		{77271D2C-DFFE-4D98-A7EB-2C8194ED1327}.Release|Any CPU.Build.0 = Release|Any CPU
	EndGlobalSection
	GlobalSection(SolutionProperties) = preSolution
		HideSolutionNode = FALSE
	EndGlobalSection
	GlobalSection(ExtensibilityGlobals) = postSolution
		SolutionGuid = {80E04663-C350-44D3-96A9-D2F4307B3D1C}
	EndGlobalSection
EndGlobal
